
Microsoft Visual Studio Solution File, Format Version 12.00
# Visual Studio 14
VisualStudioVersion = 14.0.22823.1
MinimumVisualStudioVersion = 10.0.40219.1
Project("{FAE04EC0-301F-11D3-BF4B-00C04F79EFBC}") = "WebControlDevice", "WebCommandDevice\WebControlDevice.csproj", "{A8BFE6F9-1802-4D49-9D23-3B889C6F19AE}"
EndProject
Project("{FAE04EC0-301F-11D3-BF4B-00C04F79EFBC}") = "WebSendCommandDevice", "WebControlDevice\WebSendCommandDevice.csproj", "{7FCD73AC-6533-4534-8F5E-2379D028BCEF}"
EndProject
Project("{FAE04EC0-301F-11D3-BF4B-00C04F79EFBC}") = "NUnitTests", "NUnitTests\NUnitTests.csproj", "{3CA3BAA5-3CDA-47A2-A767-6A3E797BD448}"
EndProject
Global
	GlobalSection(SolutionConfigurationPlatforms) = preSolution
		Debug|Any CPU = Debug|Any CPU
		Release|Any CPU = Release|Any CPU
	EndGlobalSection
	GlobalSection(ProjectConfigurationPlatforms) = postSolution
		{A8BFE6F9-1802-4D49-9D23-3B889C6F19AE}.Debug|Any CPU.ActiveCfg = Debug|Any CPU
		{A8BFE6F9-1802-4D49-9D23-3B889C6F19AE}.Debug|Any CPU.Build.0 = Debug|Any CPU
		{A8BFE6F9-1802-4D49-9D23-3B889C6F19AE}.Release|Any CPU.ActiveCfg = Release|Any CPU
		{A8BFE6F9-1802-4D49-9D23-3B889C6F19AE}.Release|Any CPU.Build.0 = Release|Any CPU
		{7FCD73AC-6533-4534-8F5E-2379D028BCEF}.Debug|Any CPU.ActiveCfg = Debug|Any CPU
		{7FCD73AC-6533-4534-8F5E-2379D028BCEF}.Debug|Any CPU.Build.0 = Debug|Any CPU
		{7FCD73AC-6533-4534-8F5E-2379D028BCEF}.Release|Any CPU.ActiveCfg = Release|Any CPU
		{7FCD73AC-6533-4534-8F5E-2379D028BCEF}.Release|Any CPU.Build.0 = Release|Any CPU
		{3CA3BAA5-3CDA-47A2-A767-6A3E797BD448}.Debug|Any CPU.ActiveCfg = Debug|Any CPU
		{3CA3BAA5-3CDA-47A2-A767-6A3E797BD448}.Debug|Any CPU.Build.0 = Debug|Any CPU
		{3CA3BAA5-3CDA-47A2-A767-6A3E797BD448}.Release|Any CPU.ActiveCfg = Release|Any CPU
		{3CA3BAA5-3CDA-47A2-A767-6A3E797BD448}.Release|Any CPU.Build.0 = Release|Any CPU
	EndGlobalSection
	GlobalSection(SolutionProperties) = preSolution
		HideSolutionNode = FALSE
	EndGlobalSection
EndGlobal
